
Microsoft Visual Studio Solution File, Format Version 12.00
# Visual Studio Version 17
VisualStudioVersion = 17.12.35728.132 d17.12
MinimumVisualStudioVersion = 10.0.40219.1
Project("{2150E333-8FDC-42A3-9474-1A3956D46DE8}") = "API", "API", "{C060F588-952E-4896-A3C2-FEC2E3E51FA2}"
EndProject
Project("{2150E333-8FDC-42A3-9474-1A3956D46DE8}") = "UI", "UI", "{7F71EB67-2365-4582-A78A-20ACC84A9957}"
EndProject
Project("{2150E333-8FDC-42A3-9474-1A3956D46DE8}") = "01_Domain", "01_Domain", "{94533373-CD07-4D33-8F0E-7147DC43DF99}"
EndProject
Project("{2150E333-8FDC-42A3-9474-1A3956D46DE8}") = "02_Application", "02_Application", "{1DEB93DA-832F-415D-B745-142994827345}"
EndProject
Project("{2150E333-8FDC-42A3-9474-1A3956D46DE8}") = "03_Infrastructure", "03_Infrastructure", "{EFF663D5-FC73-4B0B-ACDF-359842629F6A}"
EndProject
Project("{2150E333-8FDC-42A3-9474-1A3956D46DE8}") = "04_Integration", "04_Integration", "{819CE667-777F-4D9B-9E8B-307E7BD80A5F}"
EndProject
Project("{2150E333-8FDC-42A3-9474-1A3956D46DE8}") = "05_Communication", "05_Communication", "{6F4B3C71-A771-4211-978B-ED857E29E1F5}"
EndProject
Project("{FAE04EC0-301F-11D3-BF4B-00C04F79EFBC}") = "FolX.Domain", "API\FolX.Domain\FolX.Domain.csproj", "{6A74A450-42F3-45CE-B054-A94B87DFF0EC}"
EndProject
Project("{FAE04EC0-301F-11D3-BF4B-00C04F79EFBC}") = "FolX.Application", "API\FolX.Application\FolX.Application.csproj", "{0895A046-7E08-4B0F-BC9D-4FCD84623D5B}"
EndProject
Project("{FAE04EC0-301F-11D3-BF4B-00C04F79EFBC}") = "FolX.Infrastructure", "API\FolX.Infrastructure\FolX.Infrastructure.csproj", "{33BD165E-4DA1-49B5-A4A0-080512F1F774}"
EndProject
Project("{FAE04EC0-301F-11D3-BF4B-00C04F79EFBC}") = "FolX.EF", "API\FolX.EF\FolX.EF.csproj", "{30384FAF-225C-4F0D-9DD3-344670FEC786}"
EndProject
Project("{FAE04EC0-301F-11D3-BF4B-00C04F79EFBC}") = "FolX.Telegram", "API\FolX.Telegram\FolX.Telegram.csproj", "{8F7F1640-5182-4247-9D46-B42EAA420F75}"
EndProject
Project("{FAE04EC0-301F-11D3-BF4B-00C04F79EFBC}") = "FolX.Telegram_API", "API\FolX.Telegram_API\FolX.Telegram_API.csproj", "{94DDEE72-F31D-41D3-967B-C5CC9F37B14F}"
EndProject
Global
	GlobalSection(SolutionConfigurationPlatforms) = preSolution
		Debug|Any CPU = Debug|Any CPU
		Release|Any CPU = Release|Any CPU
	EndGlobalSection
	GlobalSection(ProjectConfigurationPlatforms) = postSolution
		{6A74A450-42F3-45CE-B054-A94B87DFF0EC}.Debug|Any CPU.ActiveCfg = Debug|Any CPU
		{6A74A450-42F3-45CE-B054-A94B87DFF0EC}.Debug|Any CPU.Build.0 = Debug|Any CPU
		{6A74A450-42F3-45CE-B054-A94B87DFF0EC}.Release|Any CPU.ActiveCfg = Release|Any CPU
		{6A74A450-42F3-45CE-B054-A94B87DFF0EC}.Release|Any CPU.Build.0 = Release|Any CPU
		{0895A046-7E08-4B0F-BC9D-4FCD84623D5B}.Debug|Any CPU.ActiveCfg = Debug|Any CPU
		{0895A046-7E08-4B0F-BC9D-4FCD84623D5B}.Debug|Any CPU.Build.0 = Debug|Any CPU
		{0895A046-7E08-4B0F-BC9D-4FCD84623D5B}.Release|Any CPU.ActiveCfg = Release|Any CPU
		{0895A046-7E08-4B0F-BC9D-4FCD84623D5B}.Release|Any CPU.Build.0 = Release|Any CPU
		{33BD165E-4DA1-49B5-A4A0-080512F1F774}.Debug|Any CPU.ActiveCfg = Debug|Any CPU
		{33BD165E-4DA1-49B5-A4A0-080512F1F774}.Debug|Any CPU.Build.0 = Debug|Any CPU
		{33BD165E-4DA1-49B5-A4A0-080512F1F774}.Release|Any CPU.ActiveCfg = Release|Any CPU
		{33BD165E-4DA1-49B5-A4A0-080512F1F774}.Release|Any CPU.Build.0 = Release|Any CPU
		{30384FAF-225C-4F0D-9DD3-344670FEC786}.Debug|Any CPU.ActiveCfg = Debug|Any CPU
		{30384FAF-225C-4F0D-9DD3-344670FEC786}.Debug|Any CPU.Build.0 = Debug|Any CPU
		{30384FAF-225C-4F0D-9DD3-344670FEC786}.Release|Any CPU.ActiveCfg = Release|Any CPU
		{30384FAF-225C-4F0D-9DD3-344670FEC786}.Release|Any CPU.Build.0 = Release|Any CPU
		{8F7F1640-5182-4247-9D46-B42EAA420F75}.Debug|Any CPU.ActiveCfg = Debug|Any CPU
		{8F7F1640-5182-4247-9D46-B42EAA420F75}.Debug|Any CPU.Build.0 = Debug|Any CPU
		{8F7F1640-5182-4247-9D46-B42EAA420F75}.Release|Any CPU.ActiveCfg = Release|Any CPU
		{8F7F1640-5182-4247-9D46-B42EAA420F75}.Release|Any CPU.Build.0 = Release|Any CPU
		{94DDEE72-F31D-41D3-967B-C5CC9F37B14F}.Debug|Any CPU.ActiveCfg = Debug|Any CPU
		{94DDEE72-F31D-41D3-967B-C5CC9F37B14F}.Debug|Any CPU.Build.0 = Debug|Any CPU
		{94DDEE72-F31D-41D3-967B-C5CC9F37B14F}.Release|Any CPU.ActiveCfg = Release|Any CPU
		{94DDEE72-F31D-41D3-967B-C5CC9F37B14F}.Release|Any CPU.Build.0 = Release|Any CPU
	EndGlobalSection
	GlobalSection(SolutionProperties) = preSolution
		HideSolutionNode = FALSE
	EndGlobalSection
	GlobalSection(NestedProjects) = preSolution
		{94533373-CD07-4D33-8F0E-7147DC43DF99} = {C060F588-952E-4896-A3C2-FEC2E3E51FA2}
		{1DEB93DA-832F-415D-B745-142994827345} = {C060F588-952E-4896-A3C2-FEC2E3E51FA2}
		{EFF663D5-FC73-4B0B-ACDF-359842629F6A} = {C060F588-952E-4896-A3C2-FEC2E3E51FA2}
		{819CE667-777F-4D9B-9E8B-307E7BD80A5F} = {C060F588-952E-4896-A3C2-FEC2E3E51FA2}
		{6F4B3C71-A771-4211-978B-ED857E29E1F5} = {C060F588-952E-4896-A3C2-FEC2E3E51FA2}
		{6A74A450-42F3-45CE-B054-A94B87DFF0EC} = {94533373-CD07-4D33-8F0E-7147DC43DF99}
		{0895A046-7E08-4B0F-BC9D-4FCD84623D5B} = {1DEB93DA-832F-415D-B745-142994827345}
		{33BD165E-4DA1-49B5-A4A0-080512F1F774} = {EFF663D5-FC73-4B0B-ACDF-359842629F6A}
		{30384FAF-225C-4F0D-9DD3-344670FEC786} = {EFF663D5-FC73-4B0B-ACDF-359842629F6A}
		{8F7F1640-5182-4247-9D46-B42EAA420F75} = {819CE667-777F-4D9B-9E8B-307E7BD80A5F}
		{94DDEE72-F31D-41D3-967B-C5CC9F37B14F} = {6F4B3C71-A771-4211-978B-ED857E29E1F5}
	EndGlobalSection
EndGlobal
